
Microsoft Visual Studio Solution File, Format Version 12.00
# Visual Studio Version 17
VisualStudioVersion = 17.5.33516.290
MinimumVisualStudioVersion = 10.0.40219.1
Project("{FAE04EC0-301F-11D3-BF4B-00C04F79EFBC}") = "Config", "Config.csproj", "{B83B11AA-D35F-4DC3-A22E-6CF712182AA9}"
EndProject
Global
	GlobalSection(SolutionConfigurationPlatforms) = preSolution
		Debug|Any CPU = Debug|Any CPU
		Release|Any CPU = Release|Any CPU
	EndGlobalSection
	GlobalSection(ProjectConfigurationPlatforms) = postSolution
		{B83B11AA-D35F-4DC3-A22E-6CF712182AA9}.Debug|Any CPU.ActiveCfg = Debug|Any CPU
		{B83B11AA-D35F-4DC3-A22E-6CF712182AA9}.Debug|Any CPU.Build.0 = Debug|Any CPU
		{B83B11AA-D35F-4DC3-A22E-6CF712182AA9}.Release|Any CPU.ActiveCfg = Release|Any CPU
		{B83B11AA-D35F-4DC3-A22E-6CF712182AA9}.Release|Any CPU.Build.0 = Release|Any CPU
	EndGlobalSection
	GlobalSection(SolutionProperties) = preSolution
		HideSolutionNode = FALSE
	EndGlobalSection
	GlobalSection(ExtensibilityGlobals) = postSolution
		SolutionGuid = {72DDA946-044B-4264-8B23-B8D01FCC9EAF}
	EndGlobalSection
EndGlobal
